
Microsoft Visual Studio Solution File, Format Version 12.00
# Visual Studio Version 17
VisualStudioVersion = 17.2.32602.215
MinimumVisualStudioVersion = 10.0.40219.1
Project("{FAE04EC0-301F-11D3-BF4B-00C04F79EFBC}") = "Game", "Game\Game.csproj", "{0BEFAEB9-1A9F-4CAF-934E-72EB662D91FF}"
EndProject
Project("{FAE04EC0-301F-11D3-BF4B-00C04F79EFBC}") = "MovementFramework", "MovementFramework\MovementFramework.csproj", "{EB74DFFF-F46F-4343-AF3F-F65DB6F2FD66}"
EndProject
Global
	GlobalSection(SolutionConfigurationPlatforms) = preSolution
		Debug|Any CPU = Debug|Any CPU
		Release|Any CPU = Release|Any CPU
	EndGlobalSection
	GlobalSection(ProjectConfigurationPlatforms) = postSolution
		{0BEFAEB9-1A9F-4CAF-934E-72EB662D91FF}.Debug|Any CPU.ActiveCfg = Debug|Any CPU
		{0BEFAEB9-1A9F-4CAF-934E-72EB662D91FF}.Debug|Any CPU.Build.0 = Debug|Any CPU
		{0BEFAEB9-1A9F-4CAF-934E-72EB662D91FF}.Release|Any CPU.ActiveCfg = Release|Any CPU
		{0BEFAEB9-1A9F-4CAF-934E-72EB662D91FF}.Release|Any CPU.Build.0 = Release|Any CPU
		{EB74DFFF-F46F-4343-AF3F-F65DB6F2FD66}.Debug|Any CPU.ActiveCfg = Debug|Any CPU
		{EB74DFFF-F46F-4343-AF3F-F65DB6F2FD66}.Debug|Any CPU.Build.0 = Debug|Any CPU
		{EB74DFFF-F46F-4343-AF3F-F65DB6F2FD66}.Release|Any CPU.ActiveCfg = Release|Any CPU
		{EB74DFFF-F46F-4343-AF3F-F65DB6F2FD66}.Release|Any CPU.Build.0 = Release|Any CPU
	EndGlobalSection
	GlobalSection(SolutionProperties) = preSolution
		HideSolutionNode = FALSE
	EndGlobalSection
	GlobalSection(ExtensibilityGlobals) = postSolution
		SolutionGuid = {1D1CC8CA-5417-442A-9CD0-5B2B40800E11}
	EndGlobalSection
EndGlobal
